
Microsoft Visual Studio Solution File, Format Version 12.00
# Visual Studio Version 17
VisualStudioVersion = 17.14.36401.2
MinimumVisualStudioVersion = 10.0.40219.1
Project("{2150E333-8FDC-42A3-9474-1A3956D46DE8}") = "Creational", "Creational", "{02EA681E-C7D8-13C7-8484-4AC65E1B71E8}"
EndProject
Project("{FAE04EC0-301F-11D3-BF4B-00C04F79EFBC}") = "Singleton", "Creational\Singleton\Singleton.csproj", "{6602D38F-78AA-41B7-9BE1-A5EACE324F3E}"
EndProject
Project("{FAE04EC0-301F-11D3-BF4B-00C04F79EFBC}") = "FactoryMethod", "Creational\FactoryMethod\FactoryMethod.csproj", "{144CAE21-9F32-43AD-86FC-1E32841AF1A4}"
EndProject
Project("{2150E333-8FDC-42A3-9474-1A3956D46DE8}") = "Behavioral", "Behavioral", "{5FD60852-9F83-4462-8D85-2539517E5262}"
EndProject
Project("{2150E333-8FDC-42A3-9474-1A3956D46DE8}") = "Structural", "Structural", "{1ACA7D3D-F86D-4FAC-812E-D07A34914EA7}"
EndProject
Project("{FAE04EC0-301F-11D3-BF4B-00C04F79EFBC}") = "AbstractFactory", "Creational\AbstractFactory\AbstractFactory.csproj", "{00D56C4A-F69A-4D48-9D35-A2FC147BE566}"
EndProject
Project("{FAE04EC0-301F-11D3-BF4B-00C04F79EFBC}") = "Strategy", "Behavioral\Strategy\Strategy.csproj", "{8E48AC12-42D8-4DE7-A6D7-234EB7D512D5}"
EndProject
Project("{FAE04EC0-301F-11D3-BF4B-00C04F79EFBC}") = "State", "Behavioral\State\State.csproj", "{77C8E3EA-08BA-4AE0-9D50-4268AA4F7A81}"
EndProject
Global
	GlobalSection(SolutionConfigurationPlatforms) = preSolution
		Debug|Any CPU = Debug|Any CPU
		Release|Any CPU = Release|Any CPU
	EndGlobalSection
	GlobalSection(ProjectConfigurationPlatforms) = postSolution
		{6602D38F-78AA-41B7-9BE1-A5EACE324F3E}.Debug|Any CPU.ActiveCfg = Debug|Any CPU
		{6602D38F-78AA-41B7-9BE1-A5EACE324F3E}.Debug|Any CPU.Build.0 = Debug|Any CPU
		{6602D38F-78AA-41B7-9BE1-A5EACE324F3E}.Release|Any CPU.ActiveCfg = Release|Any CPU
		{6602D38F-78AA-41B7-9BE1-A5EACE324F3E}.Release|Any CPU.Build.0 = Release|Any CPU
		{144CAE21-9F32-43AD-86FC-1E32841AF1A4}.Debug|Any CPU.ActiveCfg = Debug|Any CPU
		{144CAE21-9F32-43AD-86FC-1E32841AF1A4}.Debug|Any CPU.Build.0 = Debug|Any CPU
		{144CAE21-9F32-43AD-86FC-1E32841AF1A4}.Release|Any CPU.ActiveCfg = Release|Any CPU
		{144CAE21-9F32-43AD-86FC-1E32841AF1A4}.Release|Any CPU.Build.0 = Release|Any CPU
		{00D56C4A-F69A-4D48-9D35-A2FC147BE566}.Debug|Any CPU.ActiveCfg = Debug|Any CPU
		{00D56C4A-F69A-4D48-9D35-A2FC147BE566}.Debug|Any CPU.Build.0 = Debug|Any CPU
		{00D56C4A-F69A-4D48-9D35-A2FC147BE566}.Release|Any CPU.ActiveCfg = Release|Any CPU
		{00D56C4A-F69A-4D48-9D35-A2FC147BE566}.Release|Any CPU.Build.0 = Release|Any CPU
		{8E48AC12-42D8-4DE7-A6D7-234EB7D512D5}.Debug|Any CPU.ActiveCfg = Debug|Any CPU
		{8E48AC12-42D8-4DE7-A6D7-234EB7D512D5}.Debug|Any CPU.Build.0 = Debug|Any CPU
		{8E48AC12-42D8-4DE7-A6D7-234EB7D512D5}.Release|Any CPU.ActiveCfg = Release|Any CPU
		{8E48AC12-42D8-4DE7-A6D7-234EB7D512D5}.Release|Any CPU.Build.0 = Release|Any CPU
		{77C8E3EA-08BA-4AE0-9D50-4268AA4F7A81}.Debug|Any CPU.ActiveCfg = Debug|Any CPU
		{77C8E3EA-08BA-4AE0-9D50-4268AA4F7A81}.Debug|Any CPU.Build.0 = Debug|Any CPU
		{77C8E3EA-08BA-4AE0-9D50-4268AA4F7A81}.Release|Any CPU.ActiveCfg = Release|Any CPU
		{77C8E3EA-08BA-4AE0-9D50-4268AA4F7A81}.Release|Any CPU.Build.0 = Release|Any CPU
	EndGlobalSection
	GlobalSection(SolutionProperties) = preSolution
		HideSolutionNode = FALSE
	EndGlobalSection
	GlobalSection(NestedProjects) = preSolution
		{6602D38F-78AA-41B7-9BE1-A5EACE324F3E} = {02EA681E-C7D8-13C7-8484-4AC65E1B71E8}
		{144CAE21-9F32-43AD-86FC-1E32841AF1A4} = {02EA681E-C7D8-13C7-8484-4AC65E1B71E8}
		{00D56C4A-F69A-4D48-9D35-A2FC147BE566} = {02EA681E-C7D8-13C7-8484-4AC65E1B71E8}
		{8E48AC12-42D8-4DE7-A6D7-234EB7D512D5} = {5FD60852-9F83-4462-8D85-2539517E5262}
		{77C8E3EA-08BA-4AE0-9D50-4268AA4F7A81} = {5FD60852-9F83-4462-8D85-2539517E5262}
	EndGlobalSection
	GlobalSection(ExtensibilityGlobals) = postSolution
		SolutionGuid = {87EC676F-9615-4260-AD76-975AF027E62A}
	EndGlobalSection
EndGlobal
